
Microsoft Visual Studio Solution File, Format Version 12.00
# Visual Studio Version 17
VisualStudioVersion = 17.1.32421.90
MinimumVisualStudioVersion = 10.0.40219.1
Project("{FAE04EC0-301F-11D3-BF4B-00C04F79EFBC}") = "ModuleEmployees", "ModuleEmployees\ModuleEmployees.csproj", "{312F1B7A-646D-4D10-AB2A-AEC5C5EE35D0}"
EndProject
Global
	GlobalSection(SolutionConfigurationPlatforms) = preSolution
		Debug|Any CPU = Debug|Any CPU
		Release|Any CPU = Release|Any CPU
	EndGlobalSection
	GlobalSection(ProjectConfigurationPlatforms) = postSolution
		{312F1B7A-646D-4D10-AB2A-AEC5C5EE35D0}.Debug|Any CPU.ActiveCfg = Debug|Any CPU
		{312F1B7A-646D-4D10-AB2A-AEC5C5EE35D0}.Debug|Any CPU.Build.0 = Debug|Any CPU
		{312F1B7A-646D-4D10-AB2A-AEC5C5EE35D0}.Release|Any CPU.ActiveCfg = Release|Any CPU
		{312F1B7A-646D-4D10-AB2A-AEC5C5EE35D0}.Release|Any CPU.Build.0 = Release|Any CPU
	EndGlobalSection
	GlobalSection(SolutionProperties) = preSolution
		HideSolutionNode = FALSE
	EndGlobalSection
	GlobalSection(ExtensibilityGlobals) = postSolution
		SolutionGuid = {B56016D5-653B-47BD-96C7-EC1219095F10}
	EndGlobalSection
EndGlobal
